
Microsoft Visual Studio Solution File, Format Version 12.00
# Visual Studio Version 17
VisualStudioVersion = 17.5.002.0
MinimumVisualStudioVersion = 10.0.40219.1
Project("{2150E333-8FDC-42A3-9474-1A3956D46DE8}") = "src", "src", "{E5A5FA83-F5AB-4B0E-8BBD-F9DA9D9214E2}"
EndProject
Project("{9A19103F-16F7-4668-BE54-9A1E7A4F7556}") = "UnitTestsDemo.Core", "src\UnitTestsDemo.Core\UnitTestsDemo.Core.csproj", "{A0633501-2667-4267-B93B-AFB29A8A6C83}"
EndProject
Project("{9A19103F-16F7-4668-BE54-9A1E7A4F7556}") = "UnitTestsDemo.Web", "src\UnitTestsDemo.Web\UnitTestsDemo.Web.csproj", "{AD4B78FF-C003-4824-9618-6FA3094A14EF}"
EndProject
Project("{2150E333-8FDC-42A3-9474-1A3956D46DE8}") = "tests", "tests", "{4E6D927E-8D2E-4A8F-9206-98A7B5179DE0}"
EndProject
Project("{2150E333-8FDC-42A3-9474-1A3956D46DE8}") = "Solution Items", "Solution Items", "{28CDDF02-4DD3-402B-AFC9-A397812DD274}"
	ProjectSection(SolutionItems) = preProject
		.editorconfig = .editorconfig
	EndProjectSection
EndProject
Project("{9A19103F-16F7-4668-BE54-9A1E7A4F7556}") = "UnitTestsDemo.UnitTests", "tests\UnitTestsDemo.UnitTests\UnitTestsDemo.UnitTests.csproj", "{8332DB85-1612-4DBE-8083-E01901D469CE}"
EndProject
Project("{9A19103F-16F7-4668-BE54-9A1E7A4F7556}") = "UnitTestsDemo.Infrastructure", "src\UnitTestsDemo.Infrastructure\UnitTestsDemo.Infrastructure.csproj", "{442327C8-4A6E-410D-BECF-0671D0999080}"
EndProject
Global
	GlobalSection(SolutionConfigurationPlatforms) = preSolution
		Debug|Any CPU = Debug|Any CPU
		Debug|x64 = Debug|x64
		Debug|x86 = Debug|x86
		Release|Any CPU = Release|Any CPU
		Release|x64 = Release|x64
		Release|x86 = Release|x86
	EndGlobalSection
	GlobalSection(ProjectConfigurationPlatforms) = postSolution
		{A0633501-2667-4267-B93B-AFB29A8A6C83}.Debug|Any CPU.ActiveCfg = Debug|Any CPU
		{A0633501-2667-4267-B93B-AFB29A8A6C83}.Debug|Any CPU.Build.0 = Debug|Any CPU
		{A0633501-2667-4267-B93B-AFB29A8A6C83}.Debug|x64.ActiveCfg = Debug|Any CPU
		{A0633501-2667-4267-B93B-AFB29A8A6C83}.Debug|x64.Build.0 = Debug|Any CPU
		{A0633501-2667-4267-B93B-AFB29A8A6C83}.Debug|x86.ActiveCfg = Debug|Any CPU
		{A0633501-2667-4267-B93B-AFB29A8A6C83}.Debug|x86.Build.0 = Debug|Any CPU
		{A0633501-2667-4267-B93B-AFB29A8A6C83}.Release|Any CPU.ActiveCfg = Release|Any CPU
		{A0633501-2667-4267-B93B-AFB29A8A6C83}.Release|Any CPU.Build.0 = Release|Any CPU
		{A0633501-2667-4267-B93B-AFB29A8A6C83}.Release|x64.ActiveCfg = Release|Any CPU
		{A0633501-2667-4267-B93B-AFB29A8A6C83}.Release|x64.Build.0 = Release|Any CPU
		{A0633501-2667-4267-B93B-AFB29A8A6C83}.Release|x86.ActiveCfg = Release|Any CPU
		{A0633501-2667-4267-B93B-AFB29A8A6C83}.Release|x86.Build.0 = Release|Any CPU
		{AD4B78FF-C003-4824-9618-6FA3094A14EF}.Debug|Any CPU.ActiveCfg = Debug|Any CPU
		{AD4B78FF-C003-4824-9618-6FA3094A14EF}.Debug|Any CPU.Build.0 = Debug|Any CPU
		{AD4B78FF-C003-4824-9618-6FA3094A14EF}.Debug|x64.ActiveCfg = Debug|Any CPU
		{AD4B78FF-C003-4824-9618-6FA3094A14EF}.Debug|x64.Build.0 = Debug|Any CPU
		{AD4B78FF-C003-4824-9618-6FA3094A14EF}.Debug|x86.ActiveCfg = Debug|Any CPU
		{AD4B78FF-C003-4824-9618-6FA3094A14EF}.Debug|x86.Build.0 = Debug|Any CPU
		{AD4B78FF-C003-4824-9618-6FA3094A14EF}.Release|Any CPU.ActiveCfg = Release|Any CPU
		{AD4B78FF-C003-4824-9618-6FA3094A14EF}.Release|Any CPU.Build.0 = Release|Any CPU
		{AD4B78FF-C003-4824-9618-6FA3094A14EF}.Release|x64.ActiveCfg = Release|Any CPU
		{AD4B78FF-C003-4824-9618-6FA3094A14EF}.Release|x64.Build.0 = Release|Any CPU
		{AD4B78FF-C003-4824-9618-6FA3094A14EF}.Release|x86.ActiveCfg = Release|Any CPU
		{AD4B78FF-C003-4824-9618-6FA3094A14EF}.Release|x86.Build.0 = Release|Any CPU
		{8332DB85-1612-4DBE-8083-E01901D469CE}.Debug|Any CPU.ActiveCfg = Debug|Any CPU
		{8332DB85-1612-4DBE-8083-E01901D469CE}.Debug|Any CPU.Build.0 = Debug|Any CPU
		{8332DB85-1612-4DBE-8083-E01901D469CE}.Debug|x64.ActiveCfg = Debug|Any CPU
		{8332DB85-1612-4DBE-8083-E01901D469CE}.Debug|x64.Build.0 = Debug|Any CPU
		{8332DB85-1612-4DBE-8083-E01901D469CE}.Debug|x86.ActiveCfg = Debug|Any CPU
		{8332DB85-1612-4DBE-8083-E01901D469CE}.Debug|x86.Build.0 = Debug|Any CPU
		{8332DB85-1612-4DBE-8083-E01901D469CE}.Release|Any CPU.ActiveCfg = Release|Any CPU
		{8332DB85-1612-4DBE-8083-E01901D469CE}.Release|Any CPU.Build.0 = Release|Any CPU
		{8332DB85-1612-4DBE-8083-E01901D469CE}.Release|x64.ActiveCfg = Release|Any CPU
		{8332DB85-1612-4DBE-8083-E01901D469CE}.Release|x64.Build.0 = Release|Any CPU
		{8332DB85-1612-4DBE-8083-E01901D469CE}.Release|x86.ActiveCfg = Release|Any CPU
		{8332DB85-1612-4DBE-8083-E01901D469CE}.Release|x86.Build.0 = Release|Any CPU
		{442327C8-4A6E-410D-BECF-0671D0999080}.Debug|Any CPU.ActiveCfg = Debug|Any CPU
		{442327C8-4A6E-410D-BECF-0671D0999080}.Debug|Any CPU.Build.0 = Debug|Any CPU
		{442327C8-4A6E-410D-BECF-0671D0999080}.Debug|x64.ActiveCfg = Debug|Any CPU
		{442327C8-4A6E-410D-BECF-0671D0999080}.Debug|x64.Build.0 = Debug|Any CPU
		{442327C8-4A6E-410D-BECF-0671D0999080}.Debug|x86.ActiveCfg = Debug|Any CPU
		{442327C8-4A6E-410D-BECF-0671D0999080}.Debug|x86.Build.0 = Debug|Any CPU
		{442327C8-4A6E-410D-BECF-0671D0999080}.Release|Any CPU.ActiveCfg = Release|Any CPU
		{442327C8-4A6E-410D-BECF-0671D0999080}.Release|Any CPU.Build.0 = Release|Any CPU
		{442327C8-4A6E-410D-BECF-0671D0999080}.Release|x64.ActiveCfg = Release|Any CPU
		{442327C8-4A6E-410D-BECF-0671D0999080}.Release|x64.Build.0 = Release|Any CPU
		{442327C8-4A6E-410D-BECF-0671D0999080}.Release|x86.ActiveCfg = Release|Any CPU
		{442327C8-4A6E-410D-BECF-0671D0999080}.Release|x86.Build.0 = Release|Any CPU
	EndGlobalSection
	GlobalSection(SolutionProperties) = preSolution
		HideSolutionNode = FALSE
	EndGlobalSection
	GlobalSection(NestedProjects) = preSolution
		{A0633501-2667-4267-B93B-AFB29A8A6C83} = {E5A5FA83-F5AB-4B0E-8BBD-F9DA9D9214E2}
		{AD4B78FF-C003-4824-9618-6FA3094A14EF} = {E5A5FA83-F5AB-4B0E-8BBD-F9DA9D9214E2}
		{8332DB85-1612-4DBE-8083-E01901D469CE} = {4E6D927E-8D2E-4A8F-9206-98A7B5179DE0}
		{442327C8-4A6E-410D-BECF-0671D0999080} = {E5A5FA83-F5AB-4B0E-8BBD-F9DA9D9214E2}
	EndGlobalSection
	GlobalSection(ExtensibilityGlobals) = postSolution
		SolutionGuid = {A1ED06E5-FAD3-48AB-B949-B2AFFE510B98}
	EndGlobalSection
EndGlobal
