
Microsoft Visual Studio Solution File, Format Version 12.00
# Visual Studio Version 17
VisualStudioVersion = 17.5.002.0
MinimumVisualStudioVersion = 10.0.40219.1
Project("{9A19103F-16F7-4668-BE54-9A1E7A4F7556}") = "UnitTestsDemo", "UnitTestsDemo.csproj", "{0EDEBE39-A9B6-4DBF-9DB4-68F16CFDDD0A}"
EndProject
Global
	GlobalSection(SolutionConfigurationPlatforms) = preSolution
		Debug|Any CPU = Debug|Any CPU
		Release|Any CPU = Release|Any CPU
	EndGlobalSection
	GlobalSection(ProjectConfigurationPlatforms) = postSolution
		{0EDEBE39-A9B6-4DBF-9DB4-68F16CFDDD0A}.Debug|Any CPU.ActiveCfg = Debug|Any CPU
		{0EDEBE39-A9B6-4DBF-9DB4-68F16CFDDD0A}.Debug|Any CPU.Build.0 = Debug|Any CPU
		{0EDEBE39-A9B6-4DBF-9DB4-68F16CFDDD0A}.Release|Any CPU.ActiveCfg = Release|Any CPU
		{0EDEBE39-A9B6-4DBF-9DB4-68F16CFDDD0A}.Release|Any CPU.Build.0 = Release|Any CPU
	EndGlobalSection
	GlobalSection(SolutionProperties) = preSolution
		HideSolutionNode = FALSE
	EndGlobalSection
	GlobalSection(ExtensibilityGlobals) = postSolution
		SolutionGuid = {A1ED06E5-FAD3-48AB-B949-B2AFFE510B98}
	EndGlobalSection
EndGlobal
